
Microsoft Visual Studio Solution File, Format Version 12.00
# Visual Studio 15
VisualStudioVersion = 15.0.27703.2026
MinimumVisualStudioVersion = 10.0.40219.1
Project("{9A19103F-16F7-4668-BE54-9A1E7A4F7556}") = "rcf012_dotnet", "rcf012_dotnet.csproj", "{35B9E451-9C8D-4C4C-A18A-42BD5B55CEBF}"
EndProject
Global
	GlobalSection(SolutionConfigurationPlatforms) = preSolution
		Debug|Any CPU = Debug|Any CPU
		Release|Any CPU = Release|Any CPU
	EndGlobalSection
	GlobalSection(ProjectConfigurationPlatforms) = postSolution
		{35B9E451-9C8D-4C4C-A18A-42BD5B55CEBF}.Debug|Any CPU.ActiveCfg = Debug|Any CPU
		{35B9E451-9C8D-4C4C-A18A-42BD5B55CEBF}.Debug|Any CPU.Build.0 = Debug|Any CPU
		{35B9E451-9C8D-4C4C-A18A-42BD5B55CEBF}.Release|Any CPU.ActiveCfg = Release|Any CPU
		{35B9E451-9C8D-4C4C-A18A-42BD5B55CEBF}.Release|Any CPU.Build.0 = Release|Any CPU
	EndGlobalSection
	GlobalSection(SolutionProperties) = preSolution
		HideSolutionNode = FALSE
	EndGlobalSection
	GlobalSection(ExtensibilityGlobals) = postSolution
		SolutionGuid = {5799CFC2-A2F4-4D63-9580-7C5FCB882F7F}
	EndGlobalSection
EndGlobal
